{
  "requires": true,
  "lockfileVersion": 1,
  "dependencies": {
    "eruda": {
      "version": "2.4.1",
      "resolved": "https://registry.npmjs.org/eruda/-/eruda-2.4.1.tgz",
      "integrity": "sha512-rI16JoCsyy/pzXbPo7X6EMSUrhbtKZeFZGopiqrmCKxA8GlH61IXjlQAk1SWGpVpkJ6A1z7leuF8EmhFsU+OXQ=="
    },
    "eruda-benchmark": {
      "version": "2.0.0",
      "resolved": "https://registry.npmjs.org/eruda-benchmark/-/eruda-benchmark-2.0.0.tgz",
      "integrity": "sha512-gZiPYve2Qpwl26oZ7guwz8nG0SSxQYg8yFYVpU/ZGmCawTwI/ABnfIrh2t4Gl0dDUPClT8p5MVOlTHv3B7j1EQ=="
    },
    "eruda-code": {
      "version": "2.0.0",
      "resolved": "https://registry.npmjs.org/eruda-code/-/eruda-code-2.0.0.tgz",
      "integrity": "sha512-wIFfsbncCLaK7dawJMg8cP1dE7+5gEfNt202P6jJ+xB6O2atP+YdgJIuC1S4kHyNNpYFWrtDkinn50hILPxDdA=="
    },
    "eruda-fps": {
      "version": "2.0.0",
      "resolved": "https://registry.npmjs.org/eruda-fps/-/eruda-fps-2.0.0.tgz",
      "integrity": "sha512-7IkkU3VUs5+cSNpP9U6avrt9LThN/HsK79n9BE6lPvdxnEGqE9doJkcCZNE2AjIp0ZSgrNNXhPP8tTk7B5mdFw=="
    },
    "eruda-geolocation": {
      "version": "2.0.0",
      "resolved": "https://registry.npmjs.org/eruda-geolocation/-/eruda-geolocation-2.0.0.tgz",
      "integrity": "sha512-V8bF3rt4W4re9KnJLmVBdi2xNhF65S1rPiiyKmGv7IxXNvW70byuAbSqzmvrqv4gHpcU4vpjh2yiAKYfbbmwog=="
    },
    "eruda-orientation": {
      "version": "2.0.0",
      "resolved": "https://registry.npmjs.org/eruda-orientation/-/eruda-orientation-2.0.0.tgz",
      "integrity": "sha512-4WO2YJzLxQV4fzMQiEYtRUWF2ewwm5DjPMJfv1MzujZRwbohWdJmIxklBF9BGp6kgY2l6Dxto5NHwW64syR7XQ=="
    },
    "eruda-touches": {
      "version": "2.0.0",
      "resolved": "https://registry.npmjs.org/eruda-touches/-/eruda-touches-2.0.0.tgz",
      "integrity": "sha512-Qq5fXk6d1BbCBBa7FCjNhJ1iizSoyXL2ivsoVhrn8Zw9uj02iQTwfl+wiXaBsAI187JnY0Oqc4RGRejgH8jNLg=="
    }
  }
}
